
Microsoft Visual Studio Solution File, Format Version 12.00
# Visual Studio Version 17
VisualStudioVersion = 17.3.32825.248
MinimumVisualStudioVersion = 10.0.40219.1
Project("{FAE04EC0-301F-11D3-BF4B-00C04F79EFBC}") = "PracticeWork", "PracticeWork.csproj", "{F3451F6C-CABB-47F2-AC0F-83D8A9F7DF17}"
EndProject
Global
	GlobalSection(SolutionConfigurationPlatforms) = preSolution
		Debug|Any CPU = Debug|Any CPU
		Release|Any CPU = Release|Any CPU
	EndGlobalSection
	GlobalSection(ProjectConfigurationPlatforms) = postSolution
		{F3451F6C-CABB-47F2-AC0F-83D8A9F7DF17}.Debug|Any CPU.ActiveCfg = Debug|Any CPU
		{F3451F6C-CABB-47F2-AC0F-83D8A9F7DF17}.Debug|Any CPU.Build.0 = Debug|Any CPU
		{F3451F6C-CABB-47F2-AC0F-83D8A9F7DF17}.Release|Any CPU.ActiveCfg = Release|Any CPU
		{F3451F6C-CABB-47F2-AC0F-83D8A9F7DF17}.Release|Any CPU.Build.0 = Release|Any CPU
	EndGlobalSection
	GlobalSection(SolutionProperties) = preSolution
		HideSolutionNode = FALSE
	EndGlobalSection
	GlobalSection(ExtensibilityGlobals) = postSolution
		SolutionGuid = {3D8818E0-6638-4F93-855D-D2D0DEABB493}
	EndGlobalSection
EndGlobal
